
Microsoft Visual Studio Solution File, Format Version 12.00
# Visual Studio 14
VisualStudioVersion = 14.0.24720.0
MinimumVisualStudioVersion = 10.0.40219.1
Project("{FAE04EC0-301F-11D3-BF4B-00C04F79EFBC}") = "StackUsageAnalyzer", "StackUsageAnalyzer\StackUsageAnalyzer.csproj", "{04498D11-2212-4271-A1DF-A8C67A87464E}"
EndProject
Project("{FAE04EC0-301F-11D3-BF4B-00C04F79EFBC}") = "StackUsageAnalyzerTest", "StackUsageAnalyzerTest\StackUsageAnalyzerTest.csproj", "{06DBE63F-63D6-4172-9CCF-F2F219AFFABF}"
EndProject
Global
	GlobalSection(SolutionConfigurationPlatforms) = preSolution
		Debug|Any CPU = Debug|Any CPU
		Release|Any CPU = Release|Any CPU
	EndGlobalSection
	GlobalSection(ProjectConfigurationPlatforms) = postSolution
		{04498D11-2212-4271-A1DF-A8C67A87464E}.Debug|Any CPU.ActiveCfg = Debug|Any CPU
		{04498D11-2212-4271-A1DF-A8C67A87464E}.Debug|Any CPU.Build.0 = Debug|Any CPU
		{04498D11-2212-4271-A1DF-A8C67A87464E}.Release|Any CPU.ActiveCfg = Release|Any CPU
		{04498D11-2212-4271-A1DF-A8C67A87464E}.Release|Any CPU.Build.0 = Release|Any CPU
		{06DBE63F-63D6-4172-9CCF-F2F219AFFABF}.Debug|Any CPU.ActiveCfg = Debug|Any CPU
		{06DBE63F-63D6-4172-9CCF-F2F219AFFABF}.Debug|Any CPU.Build.0 = Debug|Any CPU
		{06DBE63F-63D6-4172-9CCF-F2F219AFFABF}.Release|Any CPU.ActiveCfg = Release|Any CPU
		{06DBE63F-63D6-4172-9CCF-F2F219AFFABF}.Release|Any CPU.Build.0 = Release|Any CPU
	EndGlobalSection
	GlobalSection(SolutionProperties) = preSolution
		HideSolutionNode = FALSE
	EndGlobalSection
EndGlobal
